PODS:
  - AFNetworking (3.2.1):
    - AFNetworking/NSURLSession (= 3.2.1)
    - AFNetworking/Reachability (= 3.2.1)
    - AFNetworking/Security (= 3.2.1)
    - AFNetworking/Serialization (= 3.2.1)
    - AFNetworking/UIKit (= 3.2.1)
  - AFNetworking/NSURLSession (3.2.1):
    - AFNetworking/Reachability
    - AFNetworking/Security
    - AFNetworking/Serialization
  - AFNetworking/Reachability (3.2.1)
  - AFNetworking/Security (3.2.1)
  - AFNetworking/Serialization (3.2.1)
  - AFNetworking/UIKit (3.2.1):
    - AFNetworking/NSURLSession
  - FLAnimatedImage (1.0.12)
  - IQKeyboardManager (6.5.0)
  - LEEAlert (1.2.8)
  - Masonry (1.1.0)
  - MBProgressHUD (1.1.0)
  - MJExtension (3.1.2)
  - MJRefresh (3.2.0)
  - ReactiveObjC (3.1.1)
  - SDWebImage (5.1.1):
    - SDWebImage/Core (= 5.1.1)
  - SDWebImage/Core (5.1.1)
  - XHLaunchAd (3.9.8):
    - FLAnimatedImage (~> 1.0.12)

DEPENDENCIES:
  - AFNetworking
  - IQKeyboardManager
  - LEEAlert
  - Masonry
  - MBProgressHUD
  - MJExtension
  - MJRefresh
  - ReactiveObjC
  - SDWebImage
  - XHLaunchAd

SPEC REPOS:
  trunk:
    - AFNetworking
    - FLAnimatedImage
    - IQKeyboardManager
    - LEEAlert
    - Masonry
    - MBProgressHUD
    - MJExtension
    - MJRefresh
    - ReactiveObjC
    - SDWebImage
    - XHLaunchAd

SPEC CHECKSUMS:
  AFNetworking: b6f891fdfaed196b46c7a83cf209e09697b94057
  FLAnimatedImage: 4a0b56255d9b05f18b6dd7ee06871be5d3b89e31
  IQKeyboardManager: 700e5155d6a292383b54e8678aec769e14fc78fc
  LEEAlert: 3b8e27b120b9e076274f4083c7cffd6f58257c07
  Masonry: 678fab65091a9290e40e2832a55e7ab731aad201
  MBProgressHUD: e7baa36a220447d8aeb12769bf0585582f3866d9
  MJExtension: 81e8e411ced318561dd09334b0c83d8227cef79c
  MJRefresh: ed450d6eb9d3346a2cb033ab7eb6de090aeef437
  ReactiveObjC: 011caa393aa0383245f2dcf9bf02e86b80b36040
  SDWebImage: 96d7f03415ccb28d299d765f93557ff8a617abd8
  XHLaunchAd: 45048592af01aa501c9d2d0c45e95ca74c4d0596

PODFILE CHECKSUM: eca96bb0f86e45f129070d7e2a92a61018871c23

COCOAPODS: 1.11.2
