// !$*UTF8*$!
{
	archiveVersion = 1;
	classes = {
	};
	objectVersion = 46;
	objects = {

/* Begin PBXBuildFile section */
		4DE3FC377CDF705A8442CED4 /* libPods-GoodWeather.a in Frameworks */ = {isa = PBXBuildFile; fileRef = 5A1C404A3C27BF564A75CAD4 /* libPods-GoodWeather.a */; };
		AB195E35233C8E7900A0B07A /* HomeMainViewController.m in Sources */ = {isa = PBXBuildFile; fileRef = AB195E34233C8E7900A0B07A /* HomeMainViewController.m */; };
		AB3EE6BE27732B7000A3CA69 /* Plugin_SDK_iOS.framework in Frameworks */ = {isa = PBXBuildFile; fileRef = AB195E3E233CA9CF00A0B07A /* Plugin_SDK_iOS.framework */; };
		ABEDBE311EBB27F700C0F41E /* main.m in Sources */ = {isa = PBXBuildFile; fileRef = ABEDBE301EBB27F700C0F41E /* main.m */; };
		ABEDBE341EBB27F700C0F41E /* AppDelegate.m in Sources */ = {isa = PBXBuildFile; fileRef = ABEDBE331EBB27F700C0F41E /* AppDelegate.m */; };
		ABEDBE3A1EBB27F700C0F41E /* Main.storyboard in Resources */ = {isa = PBXBuildFile; fileRef = ABEDBE381EBB27F700C0F41E /* Main.storyboard */; };
		ABEDBE3C1EBB27F700C0F41E /* Assets.xcassets in Resources */ = {isa = PBXBuildFile; fileRef = ABEDBE3B1EBB27F700C0F41E /* Assets.xcassets */; };
/* End PBXBuildFile section */

/* Begin PBXFileReference section */
		5A1C404A3C27BF564A75CAD4 /* libPods-GoodWeather.a */ = {isa = PBXFileReference; explicitFileType = archive.ar; includeInIndex = 0; path = "libPods-GoodWeather.a"; sourceTree = BUILT_PRODUCTS_DIR; };
		AB195E33233C8E7900A0B07A /* HomeMainViewController.h */ = {isa = PBXFileReference; lastKnownFileType = sourcecode.c.h; path = HomeMainViewController.h; sourceTree = "<group>"; };
		AB195E34233C8E7900A0B07A /* HomeMainViewController.m */ = {isa = PBXFileReference; lastKnownFileType = sourcecode.c.objc; path = HomeMainViewController.m; sourceTree = "<group>"; };
		AB195E39233C9D0B00A0B07A /* PrefixHeader.pch */ = {isa = PBXFileReference; lastKnownFileType = sourcecode.c.h; path = PrefixHeader.pch; sourceTree = "<group>"; };
		AB195E3B233C9DC800A0B07A /* AppConstants.h */ = {isa = PBXFileReference; lastKnownFileType = sourcecode.c.h; name = AppConstants.h; path = GoodWeather/AppConstants.h; sourceTree = SOURCE_ROOT; };
		AB195E3E233CA9CF00A0B07A /* Plugin_SDK_iOS.framework */ = {isa = PBXFileReference; lastKnownFileType = wrapper.framework; path = Plugin_SDK_iOS.framework; sourceTree = "<group>"; };
		ABEDBE2C1EBB27F700C0F41E /* GoodWeather.app */ = {isa = PBXFileReference; explicitFileType = wrapper.application; includeInIndex = 0; path = GoodWeather.app; sourceTree = BUILT_PRODUCTS_DIR; };
		ABEDBE301EBB27F700C0F41E /* main.m */ = {isa = PBXFileReference; lastKnownFileType = sourcecode.c.objc; path = main.m; sourceTree = "<group>"; };
		ABEDBE321EBB27F700C0F41E /* AppDelegate.h */ = {isa = PBXFileReference; lastKnownFileType = sourcecode.c.h; name = AppDelegate.h; path = ../AppDelegate.h; sourceTree = "<group>"; };
		ABEDBE331EBB27F700C0F41E /* AppDelegate.m */ = {isa = PBXFileReference; lastKnownFileType = sourcecode.c.objc; name = AppDelegate.m; path = ../AppDelegate.m; sourceTree = "<group>"; };
		ABEDBE391EBB27F700C0F41E /* Base */ = {isa = PBXFileReference; lastKnownFileType = file.storyboard; name = Base; path = Base.lproj/Main.storyboard; sourceTree = "<group>"; };
		ABEDBE3B1EBB27F700C0F41E /* Assets.xcassets */ = {isa = PBXFileReference; lastKnownFileType = folder.assetcatalog; path = Assets.xcassets; sourceTree = "<group>"; };
		ABEDBE401EBB27F700C0F41E /* Info.plist */ = {isa = PBXFileReference; lastKnownFileType = text.plist.xml; path = Info.plist; sourceTree = "<group>"; };
		C5CF7C8E6E4E60447531107F /* Pods-GoodWeather.debug.xcconfig */ = {isa = PBXFileReference; includeInIndex = 1; lastKnownFileType = text.xcconfig; name = "Pods-GoodWeather.debug.xcconfig"; path = "Target Support Files/Pods-GoodWeather/Pods-GoodWeather.debug.xcconfig"; sourceTree = "<group>"; };
		C789C0A21E44FB33FE0CEA78 /* Pods-GoodWeather.release.xcconfig */ = {isa = PBXFileReference; includeInIndex = 1; lastKnownFileType = text.xcconfig; name = "Pods-GoodWeather.release.xcconfig"; path = "Target Support Files/Pods-GoodWeather/Pods-GoodWeather.release.xcconfig"; sourceTree = "<group>"; };
/* End PBXFileReference section */

/* Begin PBXFrameworksBuildPhase section */
		ABEDBE291EBB27F700C0F41E /* Frameworks */ = {
			isa = PBXFrameworksBuildPhase;
			buildActionMask = 2147483647;
			files = (
				AB3EE6BE27732B7000A3CA69 /* Plugin_SDK_iOS.framework in Frameworks */,
				4DE3FC377CDF705A8442CED4 /* libPods-GoodWeather.a in Frameworks */,
			);
			runOnlyForDeploymentPostprocessing = 0;
		};
/* End PBXFrameworksBuildPhase section */

/* Begin PBXGroup section */
		493595B5FFCB2EC4EEA6625C /* Frameworks */ = {
			isa = PBXGroup;
			children = (
				5A1C404A3C27BF564A75CAD4 /* libPods-GoodWeather.a */,
			);
			name = Frameworks;
			sourceTree = "<group>";
		};
		9E0542A4B8DD5F4D2130F9AC /* Pods */ = {
			isa = PBXGroup;
			children = (
				C5CF7C8E6E4E60447531107F /* Pods-GoodWeather.debug.xcconfig */,
				C789C0A21E44FB33FE0CEA78 /* Pods-GoodWeather.release.xcconfig */,
			);
			path = Pods;
			sourceTree = "<group>";
		};
		AB195E30233C8E2B00A0B07A /* Home */ = {
			isa = PBXGroup;
			children = (
				AB195E32233C8E3D00A0B07A /* View */,
				AB195E31233C8E3300A0B07A /* Controller */,
			);
			path = Home;
			sourceTree = "<group>";
		};
		AB195E31233C8E3300A0B07A /* Controller */ = {
			isa = PBXGroup;
			children = (
				AB195E33233C8E7900A0B07A /* HomeMainViewController.h */,
				AB195E34233C8E7900A0B07A /* HomeMainViewController.m */,
			);
			path = Controller;
			sourceTree = "<group>";
		};
		AB195E32233C8E3D00A0B07A /* View */ = {
			isa = PBXGroup;
			children = (
			);
			path = View;
			sourceTree = "<group>";
		};
		AB195E3C233CA99C00A0B07A /* Third */ = {
			isa = PBXGroup;
			children = (
				AB195E3D233CA9BE00A0B07A /* Weather */,
			);
			path = Third;
			sourceTree = "<group>";
		};
		AB195E3D233CA9BE00A0B07A /* Weather */ = {
			isa = PBXGroup;
			children = (
				AB195E3E233CA9CF00A0B07A /* Plugin_SDK_iOS.framework */,
			);
			path = Weather;
			sourceTree = "<group>";
		};
		AB9AD33D1EBB2B2B003F76FD /* Classes */ = {
			isa = PBXGroup;
			children = (
				AB195E3B233C9DC800A0B07A /* AppConstants.h */,
				ABEDBE321EBB27F700C0F41E /* AppDelegate.h */,
				ABEDBE331EBB27F700C0F41E /* AppDelegate.m */,
				AB195E30233C8E2B00A0B07A /* Home */,
			);
			path = Classes;
			sourceTree = "<group>";
		};
		ABEDBE231EBB27F700C0F41E = {
			isa = PBXGroup;
			children = (
				ABEDBE2E1EBB27F700C0F41E /* GoodWeather */,
				ABEDBE2D1EBB27F700C0F41E /* Products */,
				9E0542A4B8DD5F4D2130F9AC /* Pods */,
				493595B5FFCB2EC4EEA6625C /* Frameworks */,
			);
			sourceTree = "<group>";
		};
		ABEDBE2D1EBB27F700C0F41E /* Products */ = {
			isa = PBXGroup;
			children = (
				ABEDBE2C1EBB27F700C0F41E /* GoodWeather.app */,
			);
			name = Products;
			sourceTree = "<group>";
		};
		ABEDBE2E1EBB27F700C0F41E /* GoodWeather */ = {
			isa = PBXGroup;
			children = (
				AB9AD33D1EBB2B2B003F76FD /* Classes */,
				AB195E3C233CA99C00A0B07A /* Third */,
				ABEDBE2F1EBB27F700C0F41E /* Supporting Files */,
			);
			path = GoodWeather;
			sourceTree = "<group>";
		};
		ABEDBE2F1EBB27F700C0F41E /* Supporting Files */ = {
			isa = PBXGroup;
			children = (
				ABEDBE381EBB27F700C0F41E /* Main.storyboard */,
				ABEDBE401EBB27F700C0F41E /* Info.plist */,
				ABEDBE3B1EBB27F700C0F41E /* Assets.xcassets */,
				ABEDBE301EBB27F700C0F41E /* main.m */,
				AB195E39233C9D0B00A0B07A /* PrefixHeader.pch */,
			);
			name = "Supporting Files";
			sourceTree = "<group>";
		};
/* End PBXGroup section */

/* Begin PBXNativeTarget section */
		ABEDBE2B1EBB27F700C0F41E /* GoodWeather */ = {
			isa = PBXNativeTarget;
			buildConfigurationList = ABEDBE591EBB27F700C0F41E /* Build configuration list for PBXNativeTarget "GoodWeather" */;
			buildPhases = (
				296B6D48074E1A18B818D59D /* [CP] Check Pods Manifest.lock */,
				ABEDBE281EBB27F700C0F41E /* Sources */,
				ABEDBE291EBB27F700C0F41E /* Frameworks */,
				ABEDBE2A1EBB27F700C0F41E /* Resources */,
				4DECE7048984FA1A02373E21 /* [CP] Copy Pods Resources */,
			);
			buildRules = (
			);
			dependencies = (
			);
			name = GoodWeather;
			productName = GoodWeather;
			productReference = ABEDBE2C1EBB27F700C0F41E /* GoodWeather.app */;
			productType = "com.apple.product-type.application";
		};
/* End PBXNativeTarget section */

/* Begin PBXProject section */
		ABEDBE241EBB27F700C0F41E /* Project object */ = {
			isa = PBXProject;
			attributes = {
				LastUpgradeCheck = 1320;
				ORGANIZATIONNAME = "上海永同资产管理有限公司";
				TargetAttributes = {
					ABEDBE2B1EBB27F700C0F41E = {
						CreatedOnToolsVersion = 8.2.1;
						DevelopmentTeam = B9F789ZX8D;
						ProvisioningStyle = Automatic;
					};
				};
			};
			buildConfigurationList = ABEDBE271EBB27F700C0F41E /* Build configuration list for PBXProject "GoodWeather" */;
			compatibilityVersion = "Xcode 3.2";
			developmentRegion = en;
			hasScannedForEncodings = 0;
			knownRegions = (
				en,
				Base,
			);
			mainGroup = ABEDBE231EBB27F700C0F41E;
			productRefGroup = ABEDBE2D1EBB27F700C0F41E /* Products */;
			projectDirPath = "";
			projectRoot = "";
			targets = (
				ABEDBE2B1EBB27F700C0F41E /* GoodWeather */,
			);
		};
/* End PBXProject section */

/* Begin PBXResourcesBuildPhase section */
		ABEDBE2A1EBB27F700C0F41E /* Resources */ = {
			isa = PBXResourcesBuildPhase;
			buildActionMask = 2147483647;
			files = (
				ABEDBE3C1EBB27F700C0F41E /* Assets.xcassets in Resources */,
				ABEDBE3A1EBB27F700C0F41E /* Main.storyboard in Resources */,
			);
			runOnlyForDeploymentPostprocessing = 0;
		};
/* End PBXResourcesBuildPhase section */

/* Begin PBXShellScriptBuildPhase section */
		296B6D48074E1A18B818D59D /* [CP] Check Pods Manifest.lock */ = {
			isa = PBXShellScriptBuildPhase;
			buildActionMask = 2147483647;
			files = (
			);
			inputFileListPaths = (
			);
			inputPaths = (
				"${PODS_PODFILE_DIR_PATH}/Podfile.lock",
				"${PODS_ROOT}/Manifest.lock",
			);
			name = "[CP] Check Pods Manifest.lock";
			outputFileListPaths = (
			);
			outputPaths = (
				"$(DERIVED_FILE_DIR)/Pods-GoodWeather-checkManifestLockResult.txt",
			);
			runOnlyForDeploymentPostprocessing = 0;
			shellPath = /bin/sh;
			shellScript = "diff \"${PODS_PODFILE_DIR_PATH}/Podfile.lock\" \"${PODS_ROOT}/Manifest.lock\" > /dev/null\nif [ $? != 0 ] ; then\n    # print error to STDERR\n    echo \"error: The sandbox is not in sync with the Podfile.lock. Run 'pod install' or update your CocoaPods installation.\" >&2\n    exit 1\nfi\n# This output is used by Xcode 'outputs' to avoid re-running this script phase.\necho \"SUCCESS\" > \"${SCRIPT_OUTPUT_FILE_0}\"\n";
			showEnvVarsInLog = 0;
		};
		4DECE7048984FA1A02373E21 /* [CP] Copy Pods Resources */ = {
			isa = PBXShellScriptBuildPhase;
			buildActionMask = 2147483647;
			files = (
			);
			inputPaths = (
				"${PODS_ROOT}/Target Support Files/Pods-GoodWeather/Pods-GoodWeather-resources.sh",
				"${PODS_ROOT}/IQKeyboardManager/IQKeyboardManager/Resources/IQKeyboardManager.bundle",
				"${PODS_ROOT}/MJRefresh/MJRefresh/MJRefresh.bundle",
			);
			name = "[CP] Copy Pods Resources";
			outputPaths = (
				"${TARGET_BUILD_DIR}/${UNLOCALIZED_RESOURCES_FOLDER_PATH}/IQKeyboardManager.bundle",
				"${TARGET_BUILD_DIR}/${UNLOCALIZED_RESOURCES_FOLDER_PATH}/MJRefresh.bundle",
			);
			runOnlyForDeploymentPostprocessing = 0;
			shellPath = /bin/sh;
			shellScript = "\"${PODS_ROOT}/Target Support Files/Pods-GoodWeather/Pods-GoodWeather-resources.sh\"\n";
			showEnvVarsInLog = 0;
		};
/* End PBXShellScriptBuildPhase section */

/* Begin PBXSourcesBuildPhase section */
		ABEDBE281EBB27F700C0F41E /* Sources */ = {
			isa = PBXSourcesBuildPhase;
			buildActionMask = 2147483647;
			files = (
				ABEDBE341EBB27F700C0F41E /* AppDelegate.m in Sources */,
				AB195E35233C8E7900A0B07A /* HomeMainViewController.m in Sources */,
				ABEDBE311EBB27F700C0F41E /* main.m in Sources */,
			);
			runOnlyForDeploymentPostprocessing = 0;
		};
/* End PBXSourcesBuildPhase section */

/* Begin PBXVariantGroup section */
		ABEDBE381EBB27F700C0F41E /* Main.storyboard */ = {
			isa = PBXVariantGroup;
			children = (
				ABEDBE391EBB27F700C0F41E /* Base */,
			);
			name = Main.storyboard;
			sourceTree = "<group>";
		};
/* End PBXVariantGroup section */

/* Begin XCBuildConfiguration section */
		ABEDBE571EBB27F700C0F41E /* Debug */ = {
			isa = XCBuildConfiguration;
			buildSettings = {
				ALWAYS_SEARCH_USER_PATHS = NO;
				CLANG_ANALYZER_LOCALIZABILITY_NONLOCALIZED = YES;
				CLANG_ANALYZER_NONNULL = YES;
				CLANG_CXX_LANGUAGE_STANDARD = "gnu++0x";
				CLANG_CXX_LIBRARY = "libc++";
				CLANG_ENABLE_MODULES = YES;
				CLANG_ENABLE_OBJC_ARC = YES;
				CLANG_WARN_BLOCK_CAPTURE_AUTORELEASING = YES;
				CLANG_WARN_BOOL_CONVERSION = YES;
				CLANG_WARN_COMMA = YES;
				CLANG_WARN_CONSTANT_CONVERSION = YES;
				CLANG_WARN_DEPRECATED_OBJC_IMPLEMENTATIONS = YES;
				CLANG_WARN_DIRECT_OBJC_ISA_USAGE = YES_ERROR;
				CLANG_WARN_DOCUMENTATION_COMMENTS = YES;
				CLANG_WARN_EMPTY_BODY = YES;
				CLANG_WARN_ENUM_CONVERSION = YES;
				CLANG_WARN_INFINITE_RECURSION = YES;
				CLANG_WARN_INT_CONVERSION = YES;
				CLANG_WARN_NON_LITERAL_NULL_CONVERSION = YES;
				CLANG_WARN_OBJC_IMPLICIT_RETAIN_SELF = YES;
				CLANG_WARN_OBJC_LITERAL_CONVERSION = YES;
				CLANG_WARN_OBJC_ROOT_CLASS = YES_ERROR;
				CLANG_WARN_QUOTED_INCLUDE_IN_FRAMEWORK_HEADER = YES;
				CLANG_WARN_RANGE_LOOP_ANALYSIS = YES;
				CLANG_WARN_STRICT_PROTOTYPES = YES;
				CLANG_WARN_SUSPICIOUS_MOVE = YES;
				CLANG_WARN_UNREACHABLE_CODE = YES;
				CLANG_WARN__DUPLICATE_METHOD_MATCH = YES;
				"CODE_SIGN_IDENTITY[sdk=iphoneos*]" = "iPhone Developer";
				COPY_PHASE_STRIP = NO;
				DEBUG_INFORMATION_FORMAT = dwarf;
				ENABLE_STRICT_OBJC_MSGSEND = YES;
				ENABLE_TESTABILITY = YES;
				GCC_C_LANGUAGE_STANDARD = gnu99;
				GCC_DYNAMIC_NO_PIC = NO;
				GCC_NO_COMMON_BLOCKS = YES;
				GCC_OPTIMIZATION_LEVEL = 0;
				GCC_PREPROCESSOR_DEFINITIONS = (
					"DEBUG=1",
					"$(inherited)",
				);
				GCC_WARN_64_TO_32_BIT_CONVERSION = YES;
				GCC_WARN_ABOUT_RETURN_TYPE = YES_ERROR;
				GCC_WARN_UNDECLARED_SELECTOR = YES;
				GCC_WARN_UNINITIALIZED_AUTOS = YES_AGGRESSIVE;
				GCC_WARN_UNUSED_FUNCTION = YES;
				GCC_WARN_UNUSED_VARIABLE = YES;
				IPHONEOS_DEPLOYMENT_TARGET = 12.0;
				MTL_ENABLE_DEBUG_INFO = YES;
				ONLY_ACTIVE_ARCH = YES;
				SDKROOT = iphoneos;
			};
			name = Debug;
		};
		ABEDBE581EBB27F700C0F41E /* Release */ = {
			isa = XCBuildConfiguration;
			buildSettings = {
				ALWAYS_SEARCH_USER_PATHS = NO;
				CLANG_ANALYZER_LOCALIZABILITY_NONLOCALIZED = YES;
				CLANG_ANALYZER_NONNULL = YES;
				CLANG_CXX_LANGUAGE_STANDARD = "gnu++0x";
				CLANG_CXX_LIBRARY = "libc++";
				CLANG_ENABLE_MODULES = YES;
				CLANG_ENABLE_OBJC_ARC = YES;
				CLANG_WARN_BLOCK_CAPTURE_AUTORELEASING = YES;
				CLANG_WARN_BOOL_CONVERSION = YES;
				CLANG_WARN_COMMA = YES;
				CLANG_WARN_CONSTANT_CONVERSION = YES;
				CLANG_WARN_DEPRECATED_OBJC_IMPLEMENTATIONS = YES;
				CLANG_WARN_DIRECT_OBJC_ISA_USAGE = YES_ERROR;
				CLANG_WARN_DOCUMENTATION_COMMENTS = YES;
				CLANG_WARN_EMPTY_BODY = YES;
				CLANG_WARN_ENUM_CONVERSION = YES;
				CLANG_WARN_INFINITE_RECURSION = YES;
				CLANG_WARN_INT_CONVERSION = YES;
				CLANG_WARN_NON_LITERAL_NULL_CONVERSION = YES;
				CLANG_WARN_OBJC_IMPLICIT_RETAIN_SELF = YES;
				CLANG_WARN_OBJC_LITERAL_CONVERSION = YES;
				CLANG_WARN_OBJC_ROOT_CLASS = YES_ERROR;
				CLANG_WARN_QUOTED_INCLUDE_IN_FRAMEWORK_HEADER = YES;
				CLANG_WARN_RANGE_LOOP_ANALYSIS = YES;
				CLANG_WARN_STRICT_PROTOTYPES = YES;
				CLANG_WARN_SUSPICIOUS_MOVE = YES;
				CLANG_WARN_UNREACHABLE_CODE = YES;
				CLANG_WARN__DUPLICATE_METHOD_MATCH = YES;
				"CODE_SIGN_IDENTITY[sdk=iphoneos*]" = "iPhone Developer";
				COPY_PHASE_STRIP = NO;
				DEBUG_INFORMATION_FORMAT = "dwarf-with-dsym";
				ENABLE_NS_ASSERTIONS = NO;
				ENABLE_STRICT_OBJC_MSGSEND = YES;
				GCC_C_LANGUAGE_STANDARD = gnu99;
				GCC_NO_COMMON_BLOCKS = YES;
				GCC_WARN_64_TO_32_BIT_CONVERSION = YES;
				GCC_WARN_ABOUT_RETURN_TYPE = YES_ERROR;
				GCC_WARN_UNDECLARED_SELECTOR = YES;
				GCC_WARN_UNINITIALIZED_AUTOS = YES_AGGRESSIVE;
				GCC_WARN_UNUSED_FUNCTION = YES;
				GCC_WARN_UNUSED_VARIABLE = YES;
				IPHONEOS_DEPLOYMENT_TARGET = 12.0;
				MTL_ENABLE_DEBUG_INFO = NO;
				SDKROOT = iphoneos;
				VALIDATE_PRODUCT = YES;
			};
			name = Release;
		};
		ABEDBE5A1EBB27F700C0F41E /* Debug */ = {
			isa = XCBuildConfiguration;
			baseConfigurationReference = C5CF7C8E6E4E60447531107F /* Pods-GoodWeather.debug.xcconfig */;
			buildSettings = {
				ASSETCATALOG_COMPILER_APPICON_NAME = AppIcon;
				ASSETCATALOG_COMPILER_LAUNCHIMAGE_NAME = LaunchImage;
				DEVELOPMENT_TEAM = B9F789ZX8D;
				FRAMEWORK_SEARCH_PATHS = (
					"$(inherited)",
					"$(PROJECT_DIR)/GoodWeather/Third/Weather",
				);
				INFOPLIST_FILE = GoodWeather/Info.plist;
				IPHONEOS_DEPLOYMENT_TARGET = 12.0;
				LD_RUNPATH_SEARCH_PATHS = "$(inherited) @executable_path/Frameworks";
				LIBRARY_SEARCH_PATHS = (
					"$(inherited)",
					"$(PROJECT_DIR)/GoodWeather/Classes/ThirdLib/Lib",
				);
				PRODUCT_BUNDLE_IDENTIFIER = "---.GoodWeather";
				PRODUCT_NAME = "$(TARGET_NAME)";
			};
			name = Debug;
		};
		ABEDBE5B1EBB27F700C0F41E /* Release */ = {
			isa = XCBuildConfiguration;
			baseConfigurationReference = C789C0A21E44FB33FE0CEA78 /* Pods-GoodWeather.release.xcconfig */;
			buildSettings = {
				ASSETCATALOG_COMPILER_APPICON_NAME = AppIcon;
				ASSETCATALOG_COMPILER_LAUNCHIMAGE_NAME = LaunchImage;
				DEVELOPMENT_TEAM = B9F789ZX8D;
				FRAMEWORK_SEARCH_PATHS = (
					"$(inherited)",
					"$(PROJECT_DIR)/GoodWeather/Third/Weather",
				);
				INFOPLIST_FILE = GoodWeather/Info.plist;
				IPHONEOS_DEPLOYMENT_TARGET = 12.0;
				LD_RUNPATH_SEARCH_PATHS = "$(inherited) @executable_path/Frameworks";
				LIBRARY_SEARCH_PATHS = (
					"$(inherited)",
					"$(PROJECT_DIR)/GoodWeather/Classes/ThirdLib/Lib",
				);
				PRODUCT_BUNDLE_IDENTIFIER = "---.GoodWeather";
				PRODUCT_NAME = "$(TARGET_NAME)";
			};
			name = Release;
		};
/* End XCBuildConfiguration section */

/* Begin XCConfigurationList section */
		ABEDBE271EBB27F700C0F41E /* Build configuration list for PBXProject "GoodWeather" */ = {
			isa = XCConfigurationList;
			buildConfigurations = (
				ABEDBE571EBB27F700C0F41E /* Debug */,
				ABEDBE581EBB27F700C0F41E /* Release */,
			);
			defaultConfigurationIsVisible = 0;
			defaultConfigurationName = Release;
		};
		ABEDBE591EBB27F700C0F41E /* Build configuration list for PBXNativeTarget "GoodWeather" */ = {
			isa = XCConfigurationList;
			buildConfigurations = (
				ABEDBE5A1EBB27F700C0F41E /* Debug */,
				ABEDBE5B1EBB27F700C0F41E /* Release */,
			);
			defaultConfigurationIsVisible = 0;
			defaultConfigurationName = Release;
		};
/* End XCConfigurationList section */
	};
	rootObject = ABEDBE241EBB27F700C0F41E /* Project object */;
}
